
Microsoft Visual Studio Solution File, Format Version 12.00
# Visual Studio Version 16
VisualStudioVersion = 16.0.33801.447
MinimumVisualStudioVersion = 10.0.40219.1
Project("{FAE04EC0-301F-11D3-BF4B-00C04F79EFBC}") = "FileProcessor.WpfUi", "FileProcessor.WpfUi\FileProcessor.WpfUi.csproj", "{1B39168A-CB60-4E5E-832D-221FF9317782}"
EndProject
Project("{FAE04EC0-301F-11D3-BF4B-00C04F79EFBC}") = "Atm.WpfUi", "Atm.WpfUi\Atm.WpfUi.csproj", "{518F7D91-DBDD-4C9A-B40E-BAF3E09EBB0A}"
	ProjectSection(ProjectDependencies) = postProject
		{253C9CEF-CE91-47E1-BF83-1C96C7265585} = {253C9CEF-CE91-47E1-BF83-1C96C7265585}
	EndProjectSection
EndProject
Project("{FAE04EC0-301F-11D3-BF4B-00C04F79EFBC}") = "FileProcessor.Implementation", "FileProcessor.Implementation\FileProcessor.Implementation.csproj", "{EA946CA3-552F-4478-9E59-83A52DD8C77E}"
EndProject
Project("{FAE04EC0-301F-11D3-BF4B-00C04F79EFBC}") = "FileProcessor.Tests", "FileProcessor.Tests\FileProcessor.Tests.csproj", "{045436B5-CBA2-4E52-AC2E-41474E2F767D}"
EndProject
Project("{2150E333-8FDC-42A3-9474-1A3956D46DE8}") = "FileProcessor", "FileProcessor", "{0EA03C84-ECBA-4F45-A0FC-BD8B24928A76}"
EndProject
Project("{FAE04EC0-301F-11D3-BF4B-00C04F79EFBC}") = "FileProcessor.Interfaces", "FileProcessor.Interfaces\FileProcessor.Interfaces.csproj", "{2CB063A2-88DD-4C79-BDE8-3BF5A6636E3C}"
EndProject
Project("{2150E333-8FDC-42A3-9474-1A3956D46DE8}") = "Atm", "Atm", "{4A841458-E99E-4168-AA23-965DEFD8C1DD}"
EndProject
Project("{FAE04EC0-301F-11D3-BF4B-00C04F79EFBC}") = "Atm.AtmModel.Implementation", "Atm.AtmModel.Implementation\Atm.AtmModel.Implementation.csproj", "{253C9CEF-CE91-47E1-BF83-1C96C7265585}"
EndProject
Project("{2150E333-8FDC-42A3-9474-1A3956D46DE8}") = "AtmModel", "AtmModel", "{A9B5EEA3-48C6-49A2-9194-8C662B05A3E0}"
EndProject
Project("{2150E333-8FDC-42A3-9474-1A3956D46DE8}") = "UserAccountModel", "UserAccountModel", "{5DA40BB7-4C43-4337-94D0-2B86DD303E1C}"
EndProject
Project("{FAE04EC0-301F-11D3-BF4B-00C04F79EFBC}") = "Atm.UserAccountModel.Implementation", "Atm.UserAccountModel.Implementation\Atm.UserAccountModel.Implementation.csproj", "{002A6A23-3B44-498F-85F7-589038FC6403}"
EndProject
Project("{2150E333-8FDC-42A3-9474-1A3956D46DE8}") = "BalanceModel", "BalanceModel", "{E7A5A075-FBAD-43E1-84FC-937171EA92B3}"
EndProject
Project("{FAE04EC0-301F-11D3-BF4B-00C04F79EFBC}") = "Atm.BalanceModel.Implementation", "Atm.BalanceModel.Implementation\Atm.BalanceModel.Implementation.csproj", "{D82F049D-FE05-497B-AF12-D97594F73F7E}"
EndProject
Project("{FAE04EC0-301F-11D3-BF4B-00C04F79EFBC}") = "Atm.BalanceModel.Interfaces", "Atm.BalanceModel.Interfaces\Atm.BalanceModel.Interfaces.csproj", "{EDB23C48-E250-4905-8440-376F21F3746C}"
EndProject
Project("{FAE04EC0-301F-11D3-BF4B-00C04F79EFBC}") = "Atm.UserAccountModel.Interfaces", "Atm.UserAccountModel.Interfaces\Atm.UserAccountModel.Interfaces.csproj", "{220D2879-90BA-4F3E-BD2D-A966040FDEF7}"
EndProject
Project("{FAE04EC0-301F-11D3-BF4B-00C04F79EFBC}") = "Atm.UserAccountModel.Services", "Atm.UserAccountModel.Services\Atm.UserAccountModel.Services.csproj", "{34C631CC-907D-47F9-BD54-01B546C3CF18}"
	ProjectSection(ProjectDependencies) = postProject
		{220D2879-90BA-4F3E-BD2D-A966040FDEF7} = {220D2879-90BA-4F3E-BD2D-A966040FDEF7}
	EndProjectSection
EndProject
Project("{FAE04EC0-301F-11D3-BF4B-00C04F79EFBC}") = "Atm.AtmModel.Services", "Atm.AtmModel.Services\Atm.AtmModel.Services.csproj", "{33400948-BAD9-4118-BF52-99D4614F4364}"
EndProject
Project("{FAE04EC0-301F-11D3-BF4B-00C04F79EFBC}") = "Atm.AtmModel.Interfaces", "Atm.AtmModel.Interfaces\Atm.AtmModel.Interfaces.csproj", "{F84E9A35-B802-41BC-9836-9875509BB844}"
EndProject
Global
	GlobalSection(SolutionConfigurationPlatforms) = preSolution
		Debug|Any CPU = Debug|Any CPU
		Release|Any CPU = Release|Any CPU
	EndGlobalSection
	GlobalSection(ProjectConfigurationPlatforms) = postSolution
		{1B39168A-CB60-4E5E-832D-221FF9317782}.Debug|Any CPU.ActiveCfg = Debug|Any CPU
		{1B39168A-CB60-4E5E-832D-221FF9317782}.Debug|Any CPU.Build.0 = Debug|Any CPU
		{1B39168A-CB60-4E5E-832D-221FF9317782}.Release|Any CPU.ActiveCfg = Release|Any CPU
		{1B39168A-CB60-4E5E-832D-221FF9317782}.Release|Any CPU.Build.0 = Release|Any CPU
		{518F7D91-DBDD-4C9A-B40E-BAF3E09EBB0A}.Debug|Any CPU.ActiveCfg = Debug|Any CPU
		{518F7D91-DBDD-4C9A-B40E-BAF3E09EBB0A}.Debug|Any CPU.Build.0 = Debug|Any CPU
		{518F7D91-DBDD-4C9A-B40E-BAF3E09EBB0A}.Release|Any CPU.ActiveCfg = Release|Any CPU
		{518F7D91-DBDD-4C9A-B40E-BAF3E09EBB0A}.Release|Any CPU.Build.0 = Release|Any CPU
		{EA946CA3-552F-4478-9E59-83A52DD8C77E}.Debug|Any CPU.ActiveCfg = Debug|Any CPU
		{EA946CA3-552F-4478-9E59-83A52DD8C77E}.Debug|Any CPU.Build.0 = Debug|Any CPU
		{EA946CA3-552F-4478-9E59-83A52DD8C77E}.Release|Any CPU.ActiveCfg = Release|Any CPU
		{EA946CA3-552F-4478-9E59-83A52DD8C77E}.Release|Any CPU.Build.0 = Release|Any CPU
		{045436B5-CBA2-4E52-AC2E-41474E2F767D}.Debug|Any CPU.ActiveCfg = Debug|Any CPU
		{045436B5-CBA2-4E52-AC2E-41474E2F767D}.Debug|Any CPU.Build.0 = Debug|Any CPU
		{045436B5-CBA2-4E52-AC2E-41474E2F767D}.Release|Any CPU.ActiveCfg = Release|Any CPU
		{045436B5-CBA2-4E52-AC2E-41474E2F767D}.Release|Any CPU.Build.0 = Release|Any CPU
		{2CB063A2-88DD-4C79-BDE8-3BF5A6636E3C}.Debug|Any CPU.ActiveCfg = Debug|Any CPU
		{2CB063A2-88DD-4C79-BDE8-3BF5A6636E3C}.Debug|Any CPU.Build.0 = Debug|Any CPU
		{2CB063A2-88DD-4C79-BDE8-3BF5A6636E3C}.Release|Any CPU.ActiveCfg = Release|Any CPU
		{2CB063A2-88DD-4C79-BDE8-3BF5A6636E3C}.Release|Any CPU.Build.0 = Release|Any CPU
		{253C9CEF-CE91-47E1-BF83-1C96C7265585}.Debug|Any CPU.ActiveCfg = Debug|Any CPU
		{253C9CEF-CE91-47E1-BF83-1C96C7265585}.Debug|Any CPU.Build.0 = Debug|Any CPU
		{253C9CEF-CE91-47E1-BF83-1C96C7265585}.Release|Any CPU.ActiveCfg = Release|Any CPU
		{253C9CEF-CE91-47E1-BF83-1C96C7265585}.Release|Any CPU.Build.0 = Release|Any CPU
		{002A6A23-3B44-498F-85F7-589038FC6403}.Debug|Any CPU.ActiveCfg = Debug|Any CPU
		{002A6A23-3B44-498F-85F7-589038FC6403}.Debug|Any CPU.Build.0 = Debug|Any CPU
		{002A6A23-3B44-498F-85F7-589038FC6403}.Release|Any CPU.ActiveCfg = Release|Any CPU
		{002A6A23-3B44-498F-85F7-589038FC6403}.Release|Any CPU.Build.0 = Release|Any CPU
		{D82F049D-FE05-497B-AF12-D97594F73F7E}.Debug|Any CPU.ActiveCfg = Debug|Any CPU
		{D82F049D-FE05-497B-AF12-D97594F73F7E}.Debug|Any CPU.Build.0 = Debug|Any CPU
		{D82F049D-FE05-497B-AF12-D97594F73F7E}.Release|Any CPU.ActiveCfg = Release|Any CPU
		{D82F049D-FE05-497B-AF12-D97594F73F7E}.Release|Any CPU.Build.0 = Release|Any CPU
		{EDB23C48-E250-4905-8440-376F21F3746C}.Debug|Any CPU.ActiveCfg = Debug|Any CPU
		{EDB23C48-E250-4905-8440-376F21F3746C}.Debug|Any CPU.Build.0 = Debug|Any CPU
		{EDB23C48-E250-4905-8440-376F21F3746C}.Release|Any CPU.ActiveCfg = Release|Any CPU
		{EDB23C48-E250-4905-8440-376F21F3746C}.Release|Any CPU.Build.0 = Release|Any CPU
		{220D2879-90BA-4F3E-BD2D-A966040FDEF7}.Debug|Any CPU.ActiveCfg = Debug|Any CPU
		{220D2879-90BA-4F3E-BD2D-A966040FDEF7}.Debug|Any CPU.Build.0 = Debug|Any CPU
		{220D2879-90BA-4F3E-BD2D-A966040FDEF7}.Release|Any CPU.ActiveCfg = Release|Any CPU
		{220D2879-90BA-4F3E-BD2D-A966040FDEF7}.Release|Any CPU.Build.0 = Release|Any CPU
		{34C631CC-907D-47F9-BD54-01B546C3CF18}.Debug|Any CPU.ActiveCfg = Debug|Any CPU
		{34C631CC-907D-47F9-BD54-01B546C3CF18}.Debug|Any CPU.Build.0 = Debug|Any CPU
		{34C631CC-907D-47F9-BD54-01B546C3CF18}.Release|Any CPU.ActiveCfg = Release|Any CPU
		{34C631CC-907D-47F9-BD54-01B546C3CF18}.Release|Any CPU.Build.0 = Release|Any CPU
		{33400948-BAD9-4118-BF52-99D4614F4364}.Debug|Any CPU.ActiveCfg = Debug|Any CPU
		{33400948-BAD9-4118-BF52-99D4614F4364}.Debug|Any CPU.Build.0 = Debug|Any CPU
		{33400948-BAD9-4118-BF52-99D4614F4364}.Release|Any CPU.ActiveCfg = Release|Any CPU
		{33400948-BAD9-4118-BF52-99D4614F4364}.Release|Any CPU.Build.0 = Release|Any CPU
		{F84E9A35-B802-41BC-9836-9875509BB844}.Debug|Any CPU.ActiveCfg = Debug|Any CPU
		{F84E9A35-B802-41BC-9836-9875509BB844}.Debug|Any CPU.Build.0 = Debug|Any CPU
		{F84E9A35-B802-41BC-9836-9875509BB844}.Release|Any CPU.ActiveCfg = Release|Any CPU
		{F84E9A35-B802-41BC-9836-9875509BB844}.Release|Any CPU.Build.0 = Release|Any CPU
	EndGlobalSection
	GlobalSection(SolutionProperties) = preSolution
		HideSolutionNode = FALSE
	EndGlobalSection
	GlobalSection(ExtensibilityGlobals) = postSolution
		SolutionGuid = {0F00F569-995F-4043-AA63-D787556915CC}
	EndGlobalSection
	GlobalSection(NestedProjects) = preSolution
		{EA946CA3-552F-4478-9E59-83A52DD8C77E} = {0EA03C84-ECBA-4F45-A0FC-BD8B24928A76}
		{045436B5-CBA2-4E52-AC2E-41474E2F767D} = {0EA03C84-ECBA-4F45-A0FC-BD8B24928A76}
		{1B39168A-CB60-4E5E-832D-221FF9317782} = {0EA03C84-ECBA-4F45-A0FC-BD8B24928A76}
		{2CB063A2-88DD-4C79-BDE8-3BF5A6636E3C} = {0EA03C84-ECBA-4F45-A0FC-BD8B24928A76}
		{518F7D91-DBDD-4C9A-B40E-BAF3E09EBB0A} = {4A841458-E99E-4168-AA23-965DEFD8C1DD}
		{A9B5EEA3-48C6-49A2-9194-8C662B05A3E0} = {4A841458-E99E-4168-AA23-965DEFD8C1DD}
		{253C9CEF-CE91-47E1-BF83-1C96C7265585} = {A9B5EEA3-48C6-49A2-9194-8C662B05A3E0}
		{5DA40BB7-4C43-4337-94D0-2B86DD303E1C} = {4A841458-E99E-4168-AA23-965DEFD8C1DD}
		{002A6A23-3B44-498F-85F7-589038FC6403} = {5DA40BB7-4C43-4337-94D0-2B86DD303E1C}
		{E7A5A075-FBAD-43E1-84FC-937171EA92B3} = {4A841458-E99E-4168-AA23-965DEFD8C1DD}
		{D82F049D-FE05-497B-AF12-D97594F73F7E} = {E7A5A075-FBAD-43E1-84FC-937171EA92B3}
		{EDB23C48-E250-4905-8440-376F21F3746C} = {E7A5A075-FBAD-43E1-84FC-937171EA92B3}
		{220D2879-90BA-4F3E-BD2D-A966040FDEF7} = {5DA40BB7-4C43-4337-94D0-2B86DD303E1C}
		{34C631CC-907D-47F9-BD54-01B546C3CF18} = {5DA40BB7-4C43-4337-94D0-2B86DD303E1C}
		{33400948-BAD9-4118-BF52-99D4614F4364} = {A9B5EEA3-48C6-49A2-9194-8C662B05A3E0}
		{F84E9A35-B802-41BC-9836-9875509BB844} = {A9B5EEA3-48C6-49A2-9194-8C662B05A3E0}
	EndGlobalSection
EndGlobal
